
Microsoft Visual Studio Solution File, Format Version 12.00
# Visual Studio Version 17
VisualStudioVersion = 17.12.35506.116 d17.12
MinimumVisualStudioVersion = 10.0.40219.1
Project("{FAE04EC0-301F-11D3-BF4B-00C04F79EFBC}") = "Udvozlo", "Udvozlo\Udvozlo.csproj", "{5E4E1A39-6E39-4FB6-88D3-2DCF25FE8E56}"
EndProject
Project("{FAE04EC0-301F-11D3-BF4B-00C04F79EFBC}") = "Calculator", "Calculator\Calculator.csproj", "{448BD704-8144-4E95-9205-A1419E76340E}"
EndProject
Global
	GlobalSection(SolutionConfigurationPlatforms) = preSolution
		Debug|Any CPU = Debug|Any CPU
		Release|Any CPU = Release|Any CPU
	EndGlobalSection
	GlobalSection(ProjectConfigurationPlatforms) = postSolution
		{5E4E1A39-6E39-4FB6-88D3-2DCF25FE8E56}.Debug|Any CPU.ActiveCfg = Debug|Any CPU
		{5E4E1A39-6E39-4FB6-88D3-2DCF25FE8E56}.Debug|Any CPU.Build.0 = Debug|Any CPU
		{5E4E1A39-6E39-4FB6-88D3-2DCF25FE8E56}.Release|Any CPU.ActiveCfg = Release|Any CPU
		{5E4E1A39-6E39-4FB6-88D3-2DCF25FE8E56}.Release|Any CPU.Build.0 = Release|Any CPU
		{448BD704-8144-4E95-9205-A1419E76340E}.Debug|Any CPU.ActiveCfg = Debug|Any CPU
		{448BD704-8144-4E95-9205-A1419E76340E}.Debug|Any CPU.Build.0 = Debug|Any CPU
		{448BD704-8144-4E95-9205-A1419E76340E}.Release|Any CPU.ActiveCfg = Release|Any CPU
		{448BD704-8144-4E95-9205-A1419E76340E}.Release|Any CPU.Build.0 = Release|Any CPU
	EndGlobalSection
	GlobalSection(SolutionProperties) = preSolution
		HideSolutionNode = FALSE
	EndGlobalSection
EndGlobal
